
Microsoft Visual Studio Solution File, Format Version 12.00
# Visual Studio Version 17
VisualStudioVersion = 17.8.34322.80
MinimumVisualStudioVersion = 10.0.40219.1
Project("{9A19103F-16F7-4668-BE54-9A1E7A4F7556}") = "CulturalShare.Protos", "CulturalShare.Protos\CulturalShare.Protos.csproj", "{54E59738-F5B9-4CA0-B65D-F9D1D86485D1}"
EndProject
Project("{9A19103F-16F7-4668-BE54-9A1E7A4F7556}") = "CulturalShare.Common.Helper", "CulturalShare.Common.Helper\CulturalShare.Common.Helper.csproj", "{E61755FC-7E1A-4843-8FBF-41C729127D1C}"
EndProject
Project("{9A19103F-16F7-4668-BE54-9A1E7A4F7556}") = "CulturalShare.Common.DB", "CulturalShare.Common.DB\CulturalShare.Common.DB.csproj", "{7DD7C5C8-D9D5-4771-82B0-26A2086231DB}"
EndProject
Project("{9A19103F-16F7-4668-BE54-9A1E7A4F7556}") = "CulturalShare.Repositories", "CulturalShare.Repositories\CulturalShare.Repositories.csproj", "{00F4F609-E15B-41AC-862B-05BFDAA7C60D}"
EndProject
Project("{FAE04EC0-301F-11D3-BF4B-00C04F79EFBC}") = "CultureShare.Foundation.Exceptions", "CultureShare.Foundation.Exceptions\CultureShare.Foundation.Exceptions.csproj", "{BF79DDBE-97F6-455B-95D0-B66AD8BBB59E}"
EndProject
Global
	GlobalSection(SolutionConfigurationPlatforms) = preSolution
		Debug|Any CPU = Debug|Any CPU
		Release|Any CPU = Release|Any CPU
	EndGlobalSection
	GlobalSection(ProjectConfigurationPlatforms) = postSolution
		{54E59738-F5B9-4CA0-B65D-F9D1D86485D1}.Debug|Any CPU.ActiveCfg = Debug|Any CPU
		{54E59738-F5B9-4CA0-B65D-F9D1D86485D1}.Debug|Any CPU.Build.0 = Debug|Any CPU
		{54E59738-F5B9-4CA0-B65D-F9D1D86485D1}.Release|Any CPU.ActiveCfg = Release|Any CPU
		{54E59738-F5B9-4CA0-B65D-F9D1D86485D1}.Release|Any CPU.Build.0 = Release|Any CPU
		{E61755FC-7E1A-4843-8FBF-41C729127D1C}.Debug|Any CPU.ActiveCfg = Debug|Any CPU
		{E61755FC-7E1A-4843-8FBF-41C729127D1C}.Debug|Any CPU.Build.0 = Debug|Any CPU
		{E61755FC-7E1A-4843-8FBF-41C729127D1C}.Release|Any CPU.ActiveCfg = Release|Any CPU
		{E61755FC-7E1A-4843-8FBF-41C729127D1C}.Release|Any CPU.Build.0 = Release|Any CPU
		{7DD7C5C8-D9D5-4771-82B0-26A2086231DB}.Debug|Any CPU.ActiveCfg = Debug|Any CPU
		{7DD7C5C8-D9D5-4771-82B0-26A2086231DB}.Debug|Any CPU.Build.0 = Debug|Any CPU
		{7DD7C5C8-D9D5-4771-82B0-26A2086231DB}.Release|Any CPU.ActiveCfg = Release|Any CPU
		{7DD7C5C8-D9D5-4771-82B0-26A2086231DB}.Release|Any CPU.Build.0 = Release|Any CPU
		{00F4F609-E15B-41AC-862B-05BFDAA7C60D}.Debug|Any CPU.ActiveCfg = Debug|Any CPU
		{00F4F609-E15B-41AC-862B-05BFDAA7C60D}.Debug|Any CPU.Build.0 = Debug|Any CPU
		{00F4F609-E15B-41AC-862B-05BFDAA7C60D}.Release|Any CPU.ActiveCfg = Release|Any CPU
		{00F4F609-E15B-41AC-862B-05BFDAA7C60D}.Release|Any CPU.Build.0 = Release|Any CPU
		{BF79DDBE-97F6-455B-95D0-B66AD8BBB59E}.Debug|Any CPU.ActiveCfg = Debug|Any CPU
		{BF79DDBE-97F6-455B-95D0-B66AD8BBB59E}.Debug|Any CPU.Build.0 = Debug|Any CPU
		{BF79DDBE-97F6-455B-95D0-B66AD8BBB59E}.Release|Any CPU.ActiveCfg = Release|Any CPU
		{BF79DDBE-97F6-455B-95D0-B66AD8BBB59E}.Release|Any CPU.Build.0 = Release|Any CPU
	EndGlobalSection
	GlobalSection(SolutionProperties) = preSolution
		HideSolutionNode = FALSE
	EndGlobalSection
	GlobalSection(ExtensibilityGlobals) = postSolution
		SolutionGuid = {99C77201-2A06-4618-A6D0-2AC32B64C3AD}
	EndGlobalSection
EndGlobal
